
Microsoft Visual Studio Solution File, Format Version 12.00
# Visual Studio Version 16
VisualStudioVersion = 16.0.31005.135
MinimumVisualStudioVersion = 10.0.40219.1
Project("{8BC9CEB8-8B4A-11D0-8D11-00A0C91BC942}") = "lab1", "lab1\lab1.vcxproj", "{293D727E-D8E4-4478-B909-E95B33BF8638}"
EndProject
Global
	GlobalSection(SolutionConfigurationPlatforms) = preSolution
		Debug|x64 = Debug|x64
		Debug|x86 = Debug|x86
		Release|x64 = Release|x64
		Release|x86 = Release|x86
	EndGlobalSection
	GlobalSection(ProjectConfigurationPlatforms) = postSolution
		{293D727E-D8E4-4478-B909-E95B33BF8638}.Debug|x64.ActiveCfg = Debug|x64
		{293D727E-D8E4-4478-B909-E95B33BF8638}.Debug|x64.Build.0 = Debug|x64
		{293D727E-D8E4-4478-B909-E95B33BF8638}.Debug|x86.ActiveCfg = Debug|Win32
		{293D727E-D8E4-4478-B909-E95B33BF8638}.Debug|x86.Build.0 = Debug|Win32
		{293D727E-D8E4-4478-B909-E95B33BF8638}.Release|x64.ActiveCfg = Release|x64
		{293D727E-D8E4-4478-B909-E95B33BF8638}.Release|x64.Build.0 = Release|x64
		{293D727E-D8E4-4478-B909-E95B33BF8638}.Release|x86.ActiveCfg = Release|Win32
		{293D727E-D8E4-4478-B909-E95B33BF8638}.Release|x86.Build.0 = Release|Win32
	EndGlobalSection
	GlobalSection(SolutionProperties) = preSolution
		HideSolutionNode = FALSE
	EndGlobalSection
	GlobalSection(ExtensibilityGlobals) = postSolution
		SolutionGuid = {AE07CA65-8DB1-4F52-B2EB-9F9B8A195B27}
	EndGlobalSection
EndGlobal
